
Microsoft Visual Studio Solution File, Format Version 12.00
# Visual Studio Version 17
VisualStudioVersion = 17.1.32228.430
MinimumVisualStudioVersion = 10.0.40219.1
Project("{F184B08F-C81C-45F6-A57F-5ABD9991F28F}") = "Snapmaker Laser Test Grid", "Snapmaker Laser Test Grid\Snapmaker Laser Test Grid.vbproj", "{B68FA1D4-A24F-4D82-B8C7-86532B8EB977}"
EndProject
Global
	GlobalSection(SolutionConfigurationPlatforms) = preSolution
		Debug|Any CPU = Debug|Any CPU
		Release|Any CPU = Release|Any CPU
	EndGlobalSection
	GlobalSection(ProjectConfigurationPlatforms) = postSolution
		{B68FA1D4-A24F-4D82-B8C7-86532B8EB977}.Debug|Any CPU.ActiveCfg = Debug|Any CPU
		{B68FA1D4-A24F-4D82-B8C7-86532B8EB977}.Debug|Any CPU.Build.0 = Debug|Any CPU
		{B68FA1D4-A24F-4D82-B8C7-86532B8EB977}.Release|Any CPU.ActiveCfg = Release|Any CPU
		{B68FA1D4-A24F-4D82-B8C7-86532B8EB977}.Release|Any CPU.Build.0 = Release|Any CPU
	EndGlobalSection
	GlobalSection(SolutionProperties) = preSolution
		HideSolutionNode = FALSE
	EndGlobalSection
	GlobalSection(ExtensibilityGlobals) = postSolution
		SolutionGuid = {97BD5CDF-8585-4442-BE8B-A84D70F30934}
	EndGlobalSection
EndGlobal
